Microsoft Visual Studio Solution File, Format Version 12.00
# Visual Studio Version 17
VisualStudioVersion = 17.5.2.0
MinimumVisualStudioVersion = 10.0.40219.1
Project("{FAE04EC0-301F-11D3-BF4B-00C04F79EFBC}") = "infaLaba1Tritemius", "infaLaba1Tritemius.csproj", "{1033CC6B-71AD-453A-1987-1DA0ACA964DF}"
EndProject
Global
	GlobalSection(SolutionConfigurationPlatforms) = preSolution
		Debug|Any CPU = Debug|Any CPU
		Release|Any CPU = Release|Any CPU
	EndGlobalSection
	GlobalSection(ProjectConfigurationPlatforms) = postSolution
		{1033CC6B-71AD-453A-1987-1DA0ACA964DF}.Debug|Any CPU.ActiveCfg = Debug|Any CPU
		{1033CC6B-71AD-453A-1987-1DA0ACA964DF}.Debug|Any CPU.Build.0 = Debug|Any CPU
		{1033CC6B-71AD-453A-1987-1DA0ACA964DF}.Release|Any CPU.ActiveCfg = Release|Any CPU
		{1033CC6B-71AD-453A-1987-1DA0ACA964DF}.Release|Any CPU.Build.0 = Release|Any CPU
	EndGlobalSection
	GlobalSection(SolutionProperties) = preSolution
		HideSolutionNode = FALSE
	EndGlobalSection
	GlobalSection(ExtensibilityGlobals) = postSolution
		SolutionGuid = {E483E10B-DBF3-4698-B550-B03C45EEB3E9}
	EndGlobalSection
EndGlobal
